// !$*UTF8*$!
{
	archiveVersion = 1;
	classes = {
	};
	objectVersion = 70;
	objects = {

/* Begin PBXBuildFile section */
		C424ADBB2F66C07100285443 /* RealityPageView.swift in Sources */ = {isa = PBXBuildFile; fileRef = C424ADBA2F66C07100285443 /* RealityPageView.swift */; };
		C424ADBF2F66C8BD00285443 /* ScanningPlaceholder.swift in Sources */ = {isa = PBXBuildFile; fileRef = C424ADBE2F66C8BD00285443 /* ScanningPlaceholder.swift */; };
		C424ADC22F66D8BB00285443 /* DetailPageView.swift in Sources */ = {isa = PBXBuildFile; fileRef = C424ADC12F66D8BB00285443 /* DetailPageView.swift */; };
		C424ADC42F6729C800285443 /* LoadingARView.swift in Sources */ = {isa = PBXBuildFile; fileRef = C424ADC32F6729C800285443 /* LoadingARView.swift */; };
		C42C924E2F5DBE91003C8A45 /* hab_en.reality in Resources */ = {isa = PBXBuildFile; fileRef = C42C924D2F5DBE91003C8A45 /* hab_en.reality */; };
		C42C925D2F5DEE2F003C8A45 /* glove_baseball_mtl_variant.usdz in Resources */ = {isa = PBXBuildFile; fileRef = C42C92562F5DEE2F003C8A45 /* glove_baseball_mtl_variant.usdz */; };
		C42C925E2F5DEE2F003C8A45 /* chameleon_anim_mtl_variant.usdz in Resources */ = {isa = PBXBuildFile; fileRef = C42C92542F5DEE2F003C8A45 /* chameleon_anim_mtl_variant.usdz */; };
		C42C925F2F5DEE2F003C8A45 /* seahorse_anim_mtl_variant.usdz in Resources */ = {isa = PBXBuildFile; fileRef = C42C92592F5DEE2F003C8A45 /* seahorse_anim_mtl_variant.usdz */; };
		C42C92602F5DEE2F003C8A45 /* ball_football_realistic.usdz in Resources */ = {isa = PBXBuildFile; fileRef = C42C92512F5DEE2F003C8A45 /* ball_football_realistic.usdz */; };
		C42C92612F5DEE2F003C8A45 /* ball_baseball_realistic.usdz in Resources */ = {isa = PBXBuildFile; fileRef = C42C924F2F5DEE2F003C8A45 /* ball_baseball_realistic.usdz */; };
		C42C92622F5DEE2F003C8A45 /* toy_car.usdz in Resources */ = {isa = PBXBuildFile; fileRef = C42C925C2F5DEE2F003C8A45 /* toy_car.usdz */; };
		C42C92632F5DEE2F003C8A45 /* ball_basketball_realistic.usdz in Resources */ = {isa = PBXBuildFile; fileRef = C42C92502F5DEE2F003C8A45 /* ball_basketball_realistic.usdz */; };
		C42C92642F5DEE2F003C8A45 /* hummingbird_anim.usdz in Resources */ = {isa = PBXBuildFile; fileRef = C42C92572F5DEE2F003C8A45 /* hummingbird_anim.usdz */; };
		C42C92652F5DEE2F003C8A45 /* pancakes_photogrammetry.usdz in Resources */ = {isa = PBXBuildFile; fileRef = C42C92582F5DEE2F003C8A45 /* pancakes_photogrammetry.usdz */; };
		C42C92662F5DEE2F003C8A45 /* toy_biplane_realistic.usdz in Resources */ = {isa = PBXBuildFile; fileRef = C42C925B2F5DEE2F003C8A45 /* toy_biplane_realistic.usdz */; };
		C42C92672F5DEE2F003C8A45 /* fender_stratocaster.usdz in Resources */ = {isa = PBXBuildFile; fileRef = C42C92552F5DEE2F003C8A45 /* fender_stratocaster.usdz */; };
		C42C92682F5DEE2F003C8A45 /* slide.usdz in Resources */ = {isa = PBXBuildFile; fileRef = C42C925A2F5DEE2F003C8A45 /* slide.usdz */; };
		C42C92692F5DEE2F003C8A45 /* ball_soccerball_realistic.usdz in Resources */ = {isa = PBXBuildFile; fileRef = C42C92522F5DEE2F003C8A45 /* ball_soccerball_realistic.usdz */; };
		C43C751C2F42345C00C6092E /* ObjectCache.swift in Sources */ = {isa = PBXBuildFile; fileRef = C43C751B2F42345C00C6092E /* ObjectCache.swift */; };
		C43C75202F423BC700C6092E /* CustomBottomSheet.swift in Sources */ = {isa = PBXBuildFile; fileRef = C43C751F2F423BC700C6092E /* CustomBottomSheet.swift */; };
		C45803D02F5CA44D00527FA7 /* ExtensionVM+ARView.swift in Sources */ = {isa = PBXBuildFile; fileRef = C45803CF2F5CA44D00527FA7 /* ExtensionVM+ARView.swift */; };
		C45803D22F5CA50F00527FA7 /* ExtensionVM+GestureAR.swift in Sources */ = {isa = PBXBuildFile; fileRef = C45803D12F5CA50600527FA7 /* ExtensionVM+GestureAR.swift */; };
		C45937C82F96223F00EF90DB /* SaveExternalModelUseCase.swift in Sources */ = {isa = PBXBuildFile; fileRef = C45937C72F96223F00EF90DB /* SaveExternalModelUseCase.swift */; };
		C45937CA2F965B9D00EF90DB /* DeleteModelUseCase.swift in Sources */ = {isa = PBXBuildFile; fileRef = C45937C92F965B9D00EF90DB /* DeleteModelUseCase.swift */; };
		C4600EC42F8F975900EA7D85 /* Router.swift in Sources */ = {isa = PBXBuildFile; fileRef = C4600EC32F8F975900EA7D85 /* Router.swift */; };
		C4600EE22F8F977D00EA7D85 /* ARRepository.swift in Sources */ = {isa = PBXBuildFile; fileRef = C4600ECD2F8F977D00EA7D85 /* ARRepository.swift */; };
		C4600EE72F8F977D00EA7D85 /* LoadLibraryUseCase.swift in Sources */ = {isa = PBXBuildFile; fileRef = C4600ED42F8F977D00EA7D85 /* LoadLibraryUseCase.swift */; };
		C4600EE82F8F977D00EA7D85 /* Coordinator.swift in Sources */ = {isa = PBXBuildFile; fileRef = C4600ED92F8F977D00EA7D85 /* Coordinator.swift */; };
		C4600EEB2F8F977D00EA7D85 /* ARRepositoryProtocol.swift in Sources */ = {isa = PBXBuildFile; fileRef = C4600ED22F8F977D00EA7D85 /* ARRepositoryProtocol.swift */; };
		C4600EEE2F8F9C8300EA7D85 /* ElechimCore in Frameworks */ = {isa = PBXBuildFile; productRef = C4600EED2F8F9C8300EA7D85 /* ElechimCore */; };
		C4600EF02F8FA2CD00EA7D85 /* GenerateCacheUseCase.swift in Sources */ = {isa = PBXBuildFile; fileRef = C4600EEF2F8FA2CD00EA7D85 /* GenerateCacheUseCase.swift */; };
		C49796AD2F5483DC001C85E9 /* VerticalRotationSlider.swift in Sources */ = {isa = PBXBuildFile; fileRef = C49796AC2F5483DC001C85E9 /* VerticalRotationSlider.swift */; };
		C4AAF1BF2F65A18F00C24BC4 /* CachedAsyncImage in Frameworks */ = {isa = PBXBuildFile; productRef = C4AAF1BE2F65A18F00C24BC4 /* CachedAsyncImage */; };
		C4AAF1C42F65D89A00C24BC4 /* HomePageView.swift in Sources */ = {isa = PBXBuildFile; fileRef = C4AAF1C32F65D89A00C24BC4 /* HomePageView.swift */; };
		C4C30A86292183F700F164EC /* toy_robot_vintage.usdz in Resources */ = {isa = PBXBuildFile; fileRef = C4C30A85292183F700F164EC /* toy_robot_vintage.usdz */; };
		C4C30A882921842200F164EC /* toy_drummer.usdz in Resources */ = {isa = PBXBuildFile; fileRef = C4C30A872921842200F164EC /* toy_drummer.usdz */; };
		C4DD8C422F4B774D008ABD5F /* Giroscope.swift in Sources */ = {isa = PBXBuildFile; fileRef = C4DD8C412F4B774D008ABD5F /* Giroscope.swift */; };
		C4FF383829213D170074698F /* PlaceOBJAR.swift in Sources */ = {isa = PBXBuildFile; fileRef = C4FF383729213D170074698F /* PlaceOBJAR.swift */; };
		C4FF383C29213D170074698F /* Experience.rcproject in Sources */ = {isa = PBXBuildFile; fileRef = C4FF383B29213D170074698F /* Experience.rcproject */; };
		C4FF383E29213D190074698F /* Assets.xcassets in Resources */ = {isa = PBXBuildFile; fileRef = C4FF383D29213D190074698F /* Assets.xcassets */; };
		C4FF384129213D190074698F /* Preview Assets.xcassets in Resources */ = {isa = PBXBuildFile; fileRef = C4FF384029213D190074698F /* Preview Assets.xcassets */; };
		C4FF384A29213D720074698F /* OBJModel.swift in Sources */ = {isa = PBXBuildFile; fileRef = C4FF384929213D720074698F /* OBJModel.swift */; };
		C4FF384D29213DB50074698F /* ViewModel.swift in Sources */ = {isa = PBXBuildFile; fileRef = C4FF384C29213DB50074698F /* ViewModel.swift */; };
		C4FF385A2921403B0074698F /* CustomButton.swift in Sources */ = {isa = PBXBuildFile; fileRef = C4FF38592921403B0074698F /* CustomButton.swift */; };
		C4FF385E2921665A0074698F /* LemonMeringuePie.usdz in Resources */ = {isa = PBXBuildFile; fileRef = C4FF385D2921665A0074698F /* LemonMeringuePie.usdz */; };
		C4FF386329216B210074698F /* AirForce.usdz in Resources */ = {isa = PBXBuildFile; fileRef = C4FF385F29216B200074698F /* AirForce.usdz */; };
		C4FF386429216B210074698F /* flower_tulip.usdz in Resources */ = {isa = PBXBuildFile; fileRef = C4FF386029216B200074698F /* flower_tulip.usdz */; };
		C4FF386529216B210074698F /* cup_saucer_set.usdz in Resources */ = {isa = PBXBuildFile; fileRef = C4FF386129216B210074698F /* cup_saucer_set.usdz */; };
		C4FF386629216B210074698F /* chair_swan.usdz in Resources */ = {isa = PBXBuildFile; fileRef = C4FF386229216B210074698F /* chair_swan.usdz */; };
/* End PBXBuildFile section */

/* Begin PBXFileReference section */
		C424ADBA2F66C07100285443 /* RealityPageView.swift */ = {isa = PBXFileReference; lastKnownFileType = sourcecode.swift; path = RealityPageView.swift; sourceTree = "<group>"; };
		C424ADBE2F66C8BD00285443 /* ScanningPlaceholder.swift */ = {isa = PBXFileReference; lastKnownFileType = sourcecode.swift; path = ScanningPlaceholder.swift; sourceTree = "<group>"; };
		C424ADC12F66D8BB00285443 /* DetailPageView.swift */ = {isa = PBXFileReference; lastKnownFileType = sourcecode.swift; path = DetailPageView.swift; sourceTree = "<group>"; };
		C424ADC32F6729C800285443 /* LoadingARView.swift */ = {isa = PBXFileReference; lastKnownFileType = sourcecode.swift; path = LoadingARView.swift; sourceTree = "<group>"; };
		C42C924D2F5DBE91003C8A45 /* hab_en.reality */ = {isa = PBXFileReference; lastKnownFileType = file; path = hab_en.reality; sourceTree = "<group>"; };
		C42C924F2F5DEE2F003C8A45 /* ball_baseball_realistic.usdz */ = {isa = PBXFileReference; lastKnownFileType = file; path = ball_baseball_realistic.usdz; sourceTree = "<group>"; };
		C42C92502F5DEE2F003C8A45 /* ball_basketball_realistic.usdz */ = {isa = PBXFileReference; lastKnownFileType = file; path = ball_basketball_realistic.usdz; sourceTree = "<group>"; };
		C42C92512F5DEE2F003C8A45 /* ball_football_realistic.usdz */ = {isa = PBXFileReference; lastKnownFileType = file; path = ball_football_realistic.usdz; sourceTree = "<group>"; };
		C42C92522F5DEE2F003C8A45 /* ball_soccerball_realistic.usdz */ = {isa = PBXFileReference; lastKnownFileType = file; path = ball_soccerball_realistic.usdz; sourceTree = "<group>"; };
		C42C92532F5DEE2F003C8A45 /* boxing_glove_realistic.usdz */ = {isa = PBXFileReference; lastKnownFileType = file; path = boxing_glove_realistic.usdz; sourceTree = "<group>"; };
		C42C92542F5DEE2F003C8A45 /* chameleon_anim_mtl_variant.usdz */ = {isa = PBXFileReference; lastKnownFileType = file; path = chameleon_anim_mtl_variant.usdz; sourceTree = "<group>"; };
		C42C92552F5DEE2F003C8A45 /* fender_stratocaster.usdz */ = {isa = PBXFileReference; lastKnownFileType = file; path = fender_stratocaster.usdz; sourceTree = "<group>"; };
		C42C92562F5DEE2F003C8A45 /* glove_baseball_mtl_variant.usdz */ = {isa = PBXFileReference; lastKnownFileType = file; path = glove_baseball_mtl_variant.usdz; sourceTree = "<group>"; };
		C42C92572F5DEE2F003C8A45 /* hummingbird_anim.usdz */ = {isa = PBXFileReference; lastKnownFileType = file; path = hummingbird_anim.usdz; sourceTree = "<group>"; };
		C42C92582F5DEE2F003C8A45 /* pancakes_photogrammetry.usdz */ = {isa = PBXFileReference; lastKnownFileType = file; path = pancakes_photogrammetry.usdz; sourceTree = "<group>"; };
		C42C92592F5DEE2F003C8A45 /* seahorse_anim_mtl_variant.usdz */ = {isa = PBXFileReference; lastKnownFileType = file; path = seahorse_anim_mtl_variant.usdz; sourceTree = "<group>"; };
		C42C925A2F5DEE2F003C8A45 /* slide.usdz */ = {isa = PBXFileReference; lastKnownFileType = file; path = slide.usdz; sourceTree = "<group>"; };
		C42C925B2F5DEE2F003C8A45 /* toy_biplane_realistic.usdz */ = {isa = PBXFileReference; lastKnownFileType = file; path = toy_biplane_realistic.usdz; sourceTree = "<group>"; };
		C42C925C2F5DEE2F003C8A45 /* toy_car.usdz */ = {isa = PBXFileReference; lastKnownFileType = file; path = toy_car.usdz; sourceTree = "<group>"; };
		C43C751B2F42345C00C6092E /* ObjectCache.swift */ = {isa = PBXFileReference; lastKnownFileType = sourcecode.swift; path = ObjectCache.swift; sourceTree = "<group>"; };
		C43C751F2F423BC700C6092E /* CustomBottomSheet.swift */ = {isa = PBXFileReference; lastKnownFileType = sourcecode.swift; path = CustomBottomSheet.swift; sourceTree = "<group>"; };
		C45803CF2F5CA44D00527FA7 /* ExtensionVM+ARView.swift */ = {isa = PBXFileReference; lastKnownFileType = sourcecode.swift; path = "ExtensionVM+ARView.swift"; sourceTree = "<group>"; };
		C45803D12F5CA50600527FA7 /* ExtensionVM+GestureAR.swift */ = {isa = PBXFileReference; lastKnownFileType = sourcecode.swift; path = "ExtensionVM+GestureAR.swift"; sourceTree = "<group>"; };
		C45937C72F96223F00EF90DB /* SaveExternalModelUseCase.swift */ = {isa = PBXFileReference; lastKnownFileType = sourcecode.swift; path = SaveExternalModelUseCase.swift; sourceTree = "<group>"; };
		C45937C92F965B9D00EF90DB /* DeleteModelUseCase.swift */ = {isa = PBXFileReference; lastKnownFileType = sourcecode.swift; path = DeleteModelUseCase.swift; sourceTree = "<group>"; };
		C4600EC32F8F975900EA7D85 /* Router.swift */ = {isa = PBXFileReference; lastKnownFileType = sourcecode.swift; path = Router.swift; sourceTree = "<group>"; };
		C4600ECD2F8F977D00EA7D85 /* ARRepository.swift */ = {isa = PBXFileReference; lastKnownFileType = sourcecode.swift; path = ARRepository.swift; sourceTree = "<group>"; };
		C4600ED22F8F977D00EA7D85 /* ARRepositoryProtocol.swift */ = {isa = PBXFileReference; lastKnownFileType = sourcecode.swift; path = ARRepositoryProtocol.swift; sourceTree = "<group>"; };
		C4600ED42F8F977D00EA7D85 /* LoadLibraryUseCase.swift */ = {isa = PBXFileReference; lastKnownFileType = sourcecode.swift; path = LoadLibraryUseCase.swift; sourceTree = "<group>"; };
		C4600ED92F8F977D00EA7D85 /* Coordinator.swift */ = {isa = PBXFileReference; lastKnownFileType = sourcecode.swift; path = Coordinator.swift; sourceTree = "<group>"; };
		C4600EEF2F8FA2CD00EA7D85 /* GenerateCacheUseCase.swift */ = {isa = PBXFileReference; lastKnownFileType = sourcecode.swift; path = GenerateCacheUseCase.swift; sourceTree = "<group>"; };
		C49796AC2F5483DC001C85E9 /* VerticalRotationSlider.swift */ = {isa = PBXFileReference; lastKnownFileType = sourcecode.swift; path = VerticalRotationSlider.swift; sourceTree = "<group>"; };
		C4AAF1C32F65D89A00C24BC4 /* HomePageView.swift */ = {isa = PBXFileReference; lastKnownFileType = sourcecode.swift; path = HomePageView.swift; sourceTree = "<group>"; };
		C4C30A85292183F700F164EC /* toy_robot_vintage.usdz */ = {isa = PBXFileReference; lastKnownFileType = file; path = toy_robot_vintage.usdz; sourceTree = "<group>"; };
		C4C30A872921842200F164EC /* toy_drummer.usdz */ = {isa = PBXFileReference; lastKnownFileType = file; path = toy_drummer.usdz; sourceTree = "<group>"; };
		C4DD8C412F4B774D008ABD5F /* Giroscope.swift */ = {isa = PBXFileReference; lastKnownFileType = sourcecode.swift; path = Giroscope.swift; sourceTree = "<group>"; };
		C4FF383429213D170074698F /* PlaceOBJAR.app */ = {isa = PBXFileReference; explicitFileType = wrapper.application; includeInIndex = 0; path = PlaceOBJAR.app; sourceTree = BUILT_PRODUCTS_DIR; };
		C4FF383729213D170074698F /* PlaceOBJAR.swift */ = {isa = PBXFileReference; lastKnownFileType = sourcecode.swift; path = PlaceOBJAR.swift; sourceTree = "<group>"; };
		C4FF383B29213D170074698F /* Experience.rcproject */ = {isa = PBXFileReference; lastKnownFileType = file.rcproject; path = Experience.rcproject; sourceTree = "<group>"; };
		C4FF383D29213D190074698F /* Assets.xcassets */ = {isa = PBXFileReference; lastKnownFileType = folder.assetcatalog; path = Assets.xcassets; sourceTree = "<group>"; };
		C4FF384029213D190074698F /* Preview Assets.xcassets */ = {isa = PBXFileReference; lastKnownFileType = folder.assetcatalog; path = "Preview Assets.xcassets"; sourceTree = "<group>"; };
		C4FF384929213D720074698F /* OBJModel.swift */ = {isa = PBXFileReference; lastKnownFileType = sourcecode.swift; path = OBJModel.swift; sourceTree = "<group>"; };
		C4FF384C29213DB50074698F /* ViewModel.swift */ = {isa = PBXFileReference; lastKnownFileType = sourcecode.swift; path = ViewModel.swift; sourceTree = "<group>"; };
		C4FF38592921403B0074698F /* CustomButton.swift */ = {isa = PBXFileReference; lastKnownFileType = sourcecode.swift; path = CustomButton.swift; sourceTree = "<group>"; };
		C4FF385D2921665A0074698F /* LemonMeringuePie.usdz */ = {isa = PBXFileReference; lastKnownFileType = file; path = LemonMeringuePie.usdz; sourceTree = "<group>"; };
		C4FF385F29216B200074698F /* AirForce.usdz */ = {isa = PBXFileReference; lastKnownFileType = file; path = AirForce.usdz; sourceTree = "<group>"; };
		C4FF386029216B200074698F /* flower_tulip.usdz */ = {isa = PBXFileReference; lastKnownFileType = file; path = flower_tulip.usdz; sourceTree = "<group>"; };
		C4FF386129216B210074698F /* cup_saucer_set.usdz */ = {isa = PBXFileReference; lastKnownFileType = file; path = cup_saucer_set.usdz; sourceTree = "<group>"; };
		C4FF386229216B210074698F /* chair_swan.usdz */ = {isa = PBXFileReference; lastKnownFileType = file; path = chair_swan.usdz; sourceTree = "<group>"; };
/* End PBXFileReference section */

/* Begin PBXFileSystemSynchronizedRootGroup section */
		C4600EF12F8FA42C00EA7D85 /* DependecyInjection */ = {isa = PBXFileSystemSynchronizedRootGroup; explicitFileTypes = {}; explicitFolders = (); path = DependecyInjection; sourceTree = "<group>"; };
/* End PBXFileSystemSynchronizedRootGroup section */

/* Begin PBXFrameworksBuildPhase section */
		C4FF383129213D170074698F /* Frameworks */ = {
			isa = PBXFrameworksBuildPhase;
			buildActionMask = 2147483647;
			files = (
				C4AAF1BF2F65A18F00C24BC4 /* CachedAsyncImage in Frameworks */,
				C4600EEE2F8F9C8300EA7D85 /* ElechimCore in Frameworks */,
			);
			runOnlyForDeploymentPostprocessing = 0;
		};
/* End PBXFrameworksBuildPhase section */

/* Begin PBXGroup section */
		C424ADB72F66C04900285443 /* RealityPage */ = {
			isa = PBXGroup;
			children = (
				C424ADBA2F66C07100285443 /* RealityPageView.swift */,
				C424ADBE2F66C8BD00285443 /* ScanningPlaceholder.swift */,
			);
			path = RealityPage;
			sourceTree = "<group>";
		};
		C424ADC02F66D89300285443 /* DetailPage */ = {
			isa = PBXGroup;
			children = (
				C424ADC12F66D8BB00285443 /* DetailPageView.swift */,
			);
			path = DetailPage;
			sourceTree = "<group>";
		};
		C4600ECE2F8F977D00EA7D85 /* Repositories */ = {
			isa = PBXGroup;
			children = (
				C4600ECD2F8F977D00EA7D85 /* ARRepository.swift */,
			);
			path = Repositories;
			sourceTree = "<group>";
		};
		C4600ECF2F8F977D00EA7D85 /* Data */ = {
			isa = PBXGroup;
			children = (
				C43C751B2F42345C00C6092E /* ObjectCache.swift */,
				C4FF384E29213DF40074698F /* 3DObjc */,
				C4600ECE2F8F977D00EA7D85 /* Repositories */,
			);
			path = Data;
			sourceTree = "<group>";
		};
		C4600ED12F8F977D00EA7D85 /* Entities */ = {
			isa = PBXGroup;
			children = (
				C4FF384929213D720074698F /* OBJModel.swift */,
			);
			path = Entities;
			sourceTree = "<group>";
		};
		C4600ED32F8F977D00EA7D85 /* Interface */ = {
			isa = PBXGroup;
			children = (
				C4600ED22F8F977D00EA7D85 /* ARRepositoryProtocol.swift */,
			);
			path = Interface;
			sourceTree = "<group>";
		};
		C4600ED52F8F977D00EA7D85 /* UseCases */ = {
			isa = PBXGroup;
			children = (
				C4600ED42F8F977D00EA7D85 /* LoadLibraryUseCase.swift */,
				C4600EEF2F8FA2CD00EA7D85 /* GenerateCacheUseCase.swift */,
				C45937C72F96223F00EF90DB /* SaveExternalModelUseCase.swift */,
				C45937C92F965B9D00EF90DB /* DeleteModelUseCase.swift */,
			);
			path = UseCases;
			sourceTree = "<group>";
		};
		C4600ED62F8F977D00EA7D85 /* Domain */ = {
			isa = PBXGroup;
			children = (
				C4600ED12F8F977D00EA7D85 /* Entities */,
				C4600ED32F8F977D00EA7D85 /* Interface */,
				C4600ED52F8F977D00EA7D85 /* UseCases */,
			);
			path = Domain;
			sourceTree = "<group>";
		};
		C4600ED82F8F977D00EA7D85 /* Components */ = {
			isa = PBXGroup;
			children = (
				C4FF38592921403B0074698F /* CustomButton.swift */,
				C43C751F2F423BC700C6092E /* CustomBottomSheet.swift */,
				C4DD8C412F4B774D008ABD5F /* Giroscope.swift */,
				C49796AC2F5483DC001C85E9 /* VerticalRotationSlider.swift */,
			);
			path = Components;
			sourceTree = "<group>";
		};
		C4600EDA2F8F977D00EA7D85 /* Coordinators */ = {
			isa = PBXGroup;
			children = (
				C4600EC32F8F975900EA7D85 /* Router.swift */,
				C4600ED92F8F977D00EA7D85 /* Coordinator.swift */,
			);
			path = Coordinators;
			sourceTree = "<group>";
		};
		C4600EDC2F8F977D00EA7D85 /* Extensions */ = {
			isa = PBXGroup;
			children = (
				C45803CF2F5CA44D00527FA7 /* ExtensionVM+ARView.swift */,
				C45803D12F5CA50600527FA7 /* ExtensionVM+GestureAR.swift */,
			);
			path = Extensions;
			sourceTree = "<group>";
		};
		C4600EDE2F8F977D00EA7D85 /* Scenes */ = {
			isa = PBXGroup;
			children = (
				C4FF384B29213DA70074698F /* ViewModel */,
				C4AAF1C02F65D86F00C24BC4 /* HomePage */,
				C424ADB72F66C04900285443 /* RealityPage */,
				C424ADC02F66D89300285443 /* DetailPage */,
			);
			path = Scenes;
			sourceTree = "<group>";
		};
		C4600EDF2F8F977D00EA7D85 /* Presentation */ = {
			isa = PBXGroup;
			children = (
				C4600EF12F8FA42C00EA7D85 /* DependecyInjection */,
				C4600ED82F8F977D00EA7D85 /* Components */,
				C4600EDA2F8F977D00EA7D85 /* Coordinators */,
				C4600EDC2F8F977D00EA7D85 /* Extensions */,
				C4600EDE2F8F977D00EA7D85 /* Scenes */,
			);
			path = Presentation;
			sourceTree = "<group>";
		};
		C4AAF1C02F65D86F00C24BC4 /* HomePage */ = {
			isa = PBXGroup;
			children = (
				C4AAF1C32F65D89A00C24BC4 /* HomePageView.swift */,
				C424ADC32F6729C800285443 /* LoadingARView.swift */,
			);
			path = HomePage;
			sourceTree = "<group>";
		};
		C4FF382B29213D170074698F = {
			isa = PBXGroup;
			children = (
				C4FF383629213D170074698F /* PlaceOBJAR */,
				C4FF383529213D170074698F /* Products */,
			);
			sourceTree = "<group>";
		};
		C4FF383529213D170074698F /* Products */ = {
			isa = PBXGroup;
			children = (
				C4FF383429213D170074698F /* PlaceOBJAR.app */,
			);
			name = Products;
			sourceTree = "<group>";
		};
		C4FF383629213D170074698F /* PlaceOBJAR */ = {
			isa = PBXGroup;
			children = (
				C4600ECF2F8F977D00EA7D85 /* Data */,
				C4600ED62F8F977D00EA7D85 /* Domain */,
				C4600EDF2F8F977D00EA7D85 /* Presentation */,
				C4FF383729213D170074698F /* PlaceOBJAR.swift */,
				C4FF383B29213D170074698F /* Experience.rcproject */,
				C4FF383D29213D190074698F /* Assets.xcassets */,
				C4FF383F29213D190074698F /* Preview Content */,
			);
			path = PlaceOBJAR;
			sourceTree = "<group>";
		};
		C4FF383F29213D190074698F /* Preview Content */ = {
			isa = PBXGroup;
			children = (
				C4FF384029213D190074698F /* Preview Assets.xcassets */,
			);
			path = "Preview Content";
			sourceTree = "<group>";
		};
		C4FF384B29213DA70074698F /* ViewModel */ = {
			isa = PBXGroup;
			children = (
				C4FF384C29213DB50074698F /* ViewModel.swift */,
			);
			path = ViewModel;
			sourceTree = "<group>";
		};
		C4FF384E29213DF40074698F /* 3DObjc */ = {
			isa = PBXGroup;
			children = (
				C42C924F2F5DEE2F003C8A45 /* ball_baseball_realistic.usdz */,
				C42C92502F5DEE2F003C8A45 /* ball_basketball_realistic.usdz */,
				C42C92512F5DEE2F003C8A45 /* ball_football_realistic.usdz */,
				C42C92522F5DEE2F003C8A45 /* ball_soccerball_realistic.usdz */,
				C42C92532F5DEE2F003C8A45 /* boxing_glove_realistic.usdz */,
				C42C92542F5DEE2F003C8A45 /* chameleon_anim_mtl_variant.usdz */,
				C42C92552F5DEE2F003C8A45 /* fender_stratocaster.usdz */,
				C42C92562F5DEE2F003C8A45 /* glove_baseball_mtl_variant.usdz */,
				C42C92572F5DEE2F003C8A45 /* hummingbird_anim.usdz */,
				C42C92582F5DEE2F003C8A45 /* pancakes_photogrammetry.usdz */,
				C42C92592F5DEE2F003C8A45 /* seahorse_anim_mtl_variant.usdz */,
				C42C925A2F5DEE2F003C8A45 /* slide.usdz */,
				C42C925B2F5DEE2F003C8A45 /* toy_biplane_realistic.usdz */,
				C42C925C2F5DEE2F003C8A45 /* toy_car.usdz */,
				C42C924D2F5DBE91003C8A45 /* hab_en.reality */,
				C4C30A872921842200F164EC /* toy_drummer.usdz */,
				C4C30A85292183F700F164EC /* toy_robot_vintage.usdz */,
				C4FF385F29216B200074698F /* AirForce.usdz */,
				C4FF386229216B210074698F /* chair_swan.usdz */,
				C4FF386129216B210074698F /* cup_saucer_set.usdz */,
				C4FF386029216B200074698F /* flower_tulip.usdz */,
				C4FF385D2921665A0074698F /* LemonMeringuePie.usdz */,
			);
			path = 3DObjc;
			sourceTree = "<group>";
		};
/* End PBXGroup section */

/* Begin PBXNativeTarget section */
		C4FF383329213D170074698F /* PlaceOBJAR */ = {
			isa = PBXNativeTarget;
			buildConfigurationList = C4FF384429213D190074698F /* Build configuration list for PBXNativeTarget "PlaceOBJAR" */;
			buildPhases = (
				C4FF383029213D170074698F /* Sources */,
				C4FF383129213D170074698F /* Frameworks */,
				C4FF383229213D170074698F /* Resources */,
			);
			buildRules = (
			);
			dependencies = (
			);
			fileSystemSynchronizedGroups = (
				C4600EF12F8FA42C00EA7D85 /* DependecyInjection */,
			);
			name = PlaceOBJAR;
			productName = PlaceOBJAR;
			productReference = C4FF383429213D170074698F /* PlaceOBJAR.app */;
			productType = "com.apple.product-type.application";
		};
/* End PBXNativeTarget section */

/* Begin PBXProject section */
		C4FF382C29213D170074698F /* Project object */ = {
			isa = PBXProject;
			attributes = {
				BuildIndependentTargetsInParallel = 1;
				LastSwiftUpdateCheck = 1410;
				LastUpgradeCheck = 1410;
				TargetAttributes = {
					C4FF383329213D170074698F = {
						CreatedOnToolsVersion = 14.1;
					};
				};
			};
			buildConfigurationList = C4FF382F29213D170074698F /* Build configuration list for PBXProject "PlaceOBJAR" */;
			compatibilityVersion = "Xcode 14.0";
			developmentRegion = en;
			hasScannedForEncodings = 0;
			knownRegions = (
				en,
				Base,
			);
			mainGroup = C4FF382B29213D170074698F;
			packageReferences = (
				C4AAF1BD2F65A18F00C24BC4 /* XCLocalSwiftPackageReference "../CachedAsyncImage" */,
				C4600EEC2F8F9C8300EA7D85 /* XCLocalSwiftPackageReference "../ElechimCore" */,
			);
			productRefGroup = C4FF383529213D170074698F /* Products */;
			projectDirPath = "";
			projectRoot = "";
			targets = (
				C4FF383329213D170074698F /* PlaceOBJAR */,
			);
		};
/* End PBXProject section */

/* Begin PBXResourcesBuildPhase section */
		C4FF383229213D170074698F /* Resources */ = {
			isa = PBXResourcesBuildPhase;
			buildActionMask = 2147483647;
			files = (
				C4C30A86292183F700F164EC /* toy_robot_vintage.usdz in Resources */,
				C42C924E2F5DBE91003C8A45 /* hab_en.reality in Resources */,
				C4FF386329216B210074698F /* AirForce.usdz in Resources */,
				C42C925D2F5DEE2F003C8A45 /* glove_baseball_mtl_variant.usdz in Resources */,
				C42C925E2F5DEE2F003C8A45 /* chameleon_anim_mtl_variant.usdz in Resources */,
				C42C925F2F5DEE2F003C8A45 /* seahorse_anim_mtl_variant.usdz in Resources */,
				C42C92602F5DEE2F003C8A45 /* ball_football_realistic.usdz in Resources */,
				C42C92612F5DEE2F003C8A45 /* ball_baseball_realistic.usdz in Resources */,
				C42C92622F5DEE2F003C8A45 /* toy_car.usdz in Resources */,
				C42C92632F5DEE2F003C8A45 /* ball_basketball_realistic.usdz in Resources */,
				C42C92642F5DEE2F003C8A45 /* hummingbird_anim.usdz in Resources */,
				C42C92652F5DEE2F003C8A45 /* pancakes_photogrammetry.usdz in Resources */,
				C42C92662F5DEE2F003C8A45 /* toy_biplane_realistic.usdz in Resources */,
				C42C92672F5DEE2F003C8A45 /* fender_stratocaster.usdz in Resources */,
				C42C92682F5DEE2F003C8A45 /* slide.usdz in Resources */,
				C42C92692F5DEE2F003C8A45 /* ball_soccerball_realistic.usdz in Resources */,
				C4FF384129213D190074698F /* Preview Assets.xcassets in Resources */,
				C4FF386529216B210074698F /* cup_saucer_set.usdz in Resources */,
				C4FF385E2921665A0074698F /* LemonMeringuePie.usdz in Resources */,
				C4FF386429216B210074698F /* flower_tulip.usdz in Resources */,
				C4FF383E29213D190074698F /* Assets.xcassets in Resources */,
				C4FF386629216B210074698F /* chair_swan.usdz in Resources */,
				C4C30A882921842200F164EC /* toy_drummer.usdz in Resources */,
			);
			runOnlyForDeploymentPostprocessing = 0;
		};
/* End PBXResourcesBuildPhase section */

/* Begin PBXSourcesBuildPhase section */
		C4FF383029213D170074698F /* Sources */ = {
			isa = PBXSourcesBuildPhase;
			buildActionMask = 2147483647;
			files = (
				C424ADBF2F66C8BD00285443 /* ScanningPlaceholder.swift in Sources */,
				C4FF384D29213DB50074698F /* ViewModel.swift in Sources */,
				C45803D22F5CA50F00527FA7 /* ExtensionVM+GestureAR.swift in Sources */,
				C4DD8C422F4B774D008ABD5F /* Giroscope.swift in Sources */,
				C43C75202F423BC700C6092E /* CustomBottomSheet.swift in Sources */,
				C45937C82F96223F00EF90DB /* SaveExternalModelUseCase.swift in Sources */,
				C4AAF1C42F65D89A00C24BC4 /* HomePageView.swift in Sources */,
				C45803D02F5CA44D00527FA7 /* ExtensionVM+ARView.swift in Sources */,
				C49796AD2F5483DC001C85E9 /* VerticalRotationSlider.swift in Sources */,
				C4600EF02F8FA2CD00EA7D85 /* GenerateCacheUseCase.swift in Sources */,
				C4FF385A2921403B0074698F /* CustomButton.swift in Sources */,
				C4FF384A29213D720074698F /* OBJModel.swift in Sources */,
				C4600EC42F8F975900EA7D85 /* Router.swift in Sources */,
				C45937CA2F965B9D00EF90DB /* DeleteModelUseCase.swift in Sources */,
				C424ADC22F66D8BB00285443 /* DetailPageView.swift in Sources */,
				C4FF383829213D170074698F /* PlaceOBJAR.swift in Sources */,
				C4FF383C29213D170074698F /* Experience.rcproject in Sources */,
				C43C751C2F42345C00C6092E /* ObjectCache.swift in Sources */,
				C424ADBB2F66C07100285443 /* RealityPageView.swift in Sources */,
				C424ADC42F6729C800285443 /* LoadingARView.swift in Sources */,
				C4600EE22F8F977D00EA7D85 /* ARRepository.swift in Sources */,
				C4600EE72F8F977D00EA7D85 /* LoadLibraryUseCase.swift in Sources */,
				C4600EE82F8F977D00EA7D85 /* Coordinator.swift in Sources */,
				C4600EEB2F8F977D00EA7D85 /* ARRepositoryProtocol.swift in Sources */,
			);
			runOnlyForDeploymentPostprocessing = 0;
		};
/* End PBXSourcesBuildPhase section */

/* Begin XCBuildConfiguration section */
		C4FF384229213D190074698F /* Debug */ = {
			isa = XCBuildConfiguration;
			buildSettings = {
				ALWAYS_SEARCH_USER_PATHS = NO;
				CLANG_ANALYZER_NONNULL = YES;
				CLANG_ANALYZER_NUMBER_OBJECT_CONVERSION = YES_AGGRESSIVE;
				CLANG_CXX_LANGUAGE_STANDARD = "gnu++20";
				CLANG_ENABLE_MODULES = YES;
				CLANG_ENABLE_OBJC_ARC = YES;
				CLANG_ENABLE_OBJC_WEAK = YES;
				CLANG_WARN_BLOCK_CAPTURE_AUTORELEASING = YES;
				CLANG_WARN_BOOL_CONVERSION = YES;
				CLANG_WARN_COMMA = YES;
				CLANG_WARN_CONSTANT_CONVERSION = YES;
				CLANG_WARN_DEPRECATED_OBJC_IMPLEMENTATIONS = YES;
				CLANG_WARN_DIRECT_OBJC_ISA_USAGE = YES_ERROR;
				CLANG_WARN_DOCUMENTATION_COMMENTS = YES;
				CLANG_WARN_EMPTY_BODY = YES;
				CLANG_WARN_ENUM_CONVERSION = YES;
				CLANG_WARN_INFINITE_RECURSION = YES;
				CLANG_WARN_INT_CONVERSION = YES;
				CLANG_WARN_NON_LITERAL_NULL_CONVERSION = YES;
				CLANG_WARN_OBJC_IMPLICIT_RETAIN_SELF = YES;
				CLANG_WARN_OBJC_LITERAL_CONVERSION = YES;
				CLANG_WARN_OBJC_ROOT_CLASS = YES_ERROR;
				CLANG_WARN_QUOTED_INCLUDE_IN_FRAMEWORK_HEADER = YES;
				CLANG_WARN_RANGE_LOOP_ANALYSIS = YES;
				CLANG_WARN_STRICT_PROTOTYPES = YES;
				CLANG_WARN_SUSPICIOUS_MOVE = YES;
				CLANG_WARN_UNGUARDED_AVAILABILITY = YES_AGGRESSIVE;
				CLANG_WARN_UNREACHABLE_CODE = YES;
				CLANG_WARN__DUPLICATE_METHOD_MATCH = YES;
				COPY_PHASE_STRIP = NO;
				DEBUG_INFORMATION_FORMAT = dwarf;
				ENABLE_STRICT_OBJC_MSGSEND = YES;
				ENABLE_TESTABILITY = YES;
				GCC_C_LANGUAGE_STANDARD = gnu11;
				GCC_DYNAMIC_NO_PIC = NO;
				GCC_NO_COMMON_BLOCKS = YES;
				GCC_OPTIMIZATION_LEVEL = 0;
				GCC_PREPROCESSOR_DEFINITIONS = (
					"DEBUG=1",
					"$(inherited)",
				);
				GCC_WARN_64_TO_32_BIT_CONVERSION = YES;
				GCC_WARN_ABOUT_RETURN_TYPE = YES_ERROR;
				GCC_WARN_UNDECLARED_SELECTOR = YES;
				GCC_WARN_UNINITIALIZED_AUTOS = YES_AGGRESSIVE;
				GCC_WARN_UNUSED_FUNCTION = YES;
				GCC_WARN_UNUSED_VARIABLE = YES;
				IPHONEOS_DEPLOYMENT_TARGET = 16.1;
				MTL_ENABLE_DEBUG_INFO = INCLUDE_SOURCE;
				MTL_FAST_MATH = YES;
				ONLY_ACTIVE_ARCH = YES;
				SDKROOT = iphoneos;
				SWIFT_ACTIVE_COMPILATION_CONDITIONS = DEBUG;
				SWIFT_OPTIMIZATION_LEVEL = "-Onone";
			};
			name = Debug;
		};
		C4FF384329213D190074698F /* Release */ = {
			isa = XCBuildConfiguration;
			buildSettings = {
				ALWAYS_SEARCH_USER_PATHS = NO;
				CLANG_ANALYZER_NONNULL = YES;
				CLANG_ANALYZER_NUMBER_OBJECT_CONVERSION = YES_AGGRESSIVE;
				CLANG_CXX_LANGUAGE_STANDARD = "gnu++20";
				CLANG_ENABLE_MODULES = YES;
				CLANG_ENABLE_OBJC_ARC = YES;
				CLANG_ENABLE_OBJC_WEAK = YES;
				CLANG_WARN_BLOCK_CAPTURE_AUTORELEASING = YES;
				CLANG_WARN_BOOL_CONVERSION = YES;
				CLANG_WARN_COMMA = YES;
				CLANG_WARN_CONSTANT_CONVERSION = YES;
				CLANG_WARN_DEPRECATED_OBJC_IMPLEMENTATIONS = YES;
				CLANG_WARN_DIRECT_OBJC_ISA_USAGE = YES_ERROR;
				CLANG_WARN_DOCUMENTATION_COMMENTS = YES;
				CLANG_WARN_EMPTY_BODY = YES;
				CLANG_WARN_ENUM_CONVERSION = YES;
				CLANG_WARN_INFINITE_RECURSION = YES;
				CLANG_WARN_INT_CONVERSION = YES;
				CLANG_WARN_NON_LITERAL_NULL_CONVERSION = YES;
				CLANG_WARN_OBJC_IMPLICIT_RETAIN_SELF = YES;
				CLANG_WARN_OBJC_LITERAL_CONVERSION = YES;
				CLANG_WARN_OBJC_ROOT_CLASS = YES_ERROR;
				CLANG_WARN_QUOTED_INCLUDE_IN_FRAMEWORK_HEADER = YES;
				CLANG_WARN_RANGE_LOOP_ANALYSIS = YES;
				CLANG_WARN_STRICT_PROTOTYPES = YES;
				CLANG_WARN_SUSPICIOUS_MOVE = YES;
				CLANG_WARN_UNGUARDED_AVAILABILITY = YES_AGGRESSIVE;
				CLANG_WARN_UNREACHABLE_CODE = YES;
				CLANG_WARN__DUPLICATE_METHOD_MATCH = YES;
				COPY_PHASE_STRIP = NO;
				DEBUG_INFORMATION_FORMAT = "dwarf-with-dsym";
				ENABLE_NS_ASSERTIONS = NO;
				ENABLE_STRICT_OBJC_MSGSEND = YES;
				GCC_C_LANGUAGE_STANDARD = gnu11;
				GCC_NO_COMMON_BLOCKS = YES;
				GCC_WARN_64_TO_32_BIT_CONVERSION = YES;
				GCC_WARN_ABOUT_RETURN_TYPE = YES_ERROR;
				GCC_WARN_UNDECLARED_SELECTOR = YES;
				GCC_WARN_UNINITIALIZED_AUTOS = YES_AGGRESSIVE;
				GCC_WARN_UNUSED_FUNCTION = YES;
				GCC_WARN_UNUSED_VARIABLE = YES;
				IPHONEOS_DEPLOYMENT_TARGET = 16.1;
				MTL_ENABLE_DEBUG_INFO = NO;
				MTL_FAST_MATH = YES;
				SDKROOT = iphoneos;
				SWIFT_COMPILATION_MODE = wholemodule;
				SWIFT_OPTIMIZATION_LEVEL = "-O";
				VALIDATE_PRODUCT = YES;
			};
			name = Release;
		};
		C4FF384529213D190074698F /* Debug */ = {
			isa = XCBuildConfiguration;
			buildSettings = {
				ASSETCATALOG_COMPILER_APPICON_NAME = AppIcon;
				ASSETCATALOG_COMPILER_GLOBAL_ACCENT_COLOR_NAME = AccentColor;
				CODE_SIGN_STYLE = Automatic;
				CURRENT_PROJECT_VERSION = 1;
				DEVELOPMENT_ASSET_PATHS = "\"PlaceOBJAR/Preview Content\"";
				DEVELOPMENT_TEAM = G7DSPSWXXC;
				ENABLE_PREVIEWS = YES;
				GENERATE_INFOPLIST_FILE = YES;
				INFOPLIST_KEY_NSCameraUsageDescription = "";
				INFOPLIST_KEY_UIApplicationSupportsIndirectInputEvents = YES;
				INFOPLIST_KEY_UILaunchScreen_Generation = YES;
				INFOPLIST_KEY_UIRequiredDeviceCapabilities = arkit;
				INFOPLIST_KEY_UIStatusBarHidden = YES;
				INFOPLIST_KEY_UISupportedInterfaceOrientations = UIInterfaceOrientationPortrait;
				INFOPLIST_KEY_UISupportedInterfaceOrientations_iPad = "UIInterfaceOrientationLandscapeLeft UIInterfaceOrientationLandscapeRight UIInterfaceOrientationPortrait UIInterfaceOrientationPortraitUpsideDown";
				IPHONEOS_DEPLOYMENT_TARGET = 26.0;
				LD_RUNPATH_SEARCH_PATHS = (
					"$(inherited)",
					"@executable_path/Frameworks",
				);
				MARKETING_VERSION = 1.0.0;
				PRODUCT_BUNDLE_IDENTIFIER = com.MicheleManniello.PlaceOBJAR;
				PRODUCT_NAME = "$(TARGET_NAME)";
				SWIFT_EMIT_LOC_STRINGS = YES;
				SWIFT_VERSION = 5.0;
				TARGETED_DEVICE_FAMILY = "1,2";
			};
			name = Debug;
		};
		C4FF384629213D190074698F /* Release */ = {
			isa = XCBuildConfiguration;
			buildSettings = {
				ASSETCATALOG_COMPILER_APPICON_NAME = AppIcon;
				ASSETCATALOG_COMPILER_GLOBAL_ACCENT_COLOR_NAME = AccentColor;
				CODE_SIGN_STYLE = Automatic;
				CURRENT_PROJECT_VERSION = 1;
				DEVELOPMENT_ASSET_PATHS = "\"PlaceOBJAR/Preview Content\"";
				DEVELOPMENT_TEAM = G7DSPSWXXC;
				ENABLE_PREVIEWS = YES;
				GENERATE_INFOPLIST_FILE = YES;
				INFOPLIST_KEY_NSCameraUsageDescription = "";
				INFOPLIST_KEY_UIApplicationSupportsIndirectInputEvents = YES;
				INFOPLIST_KEY_UILaunchScreen_Generation = YES;
				INFOPLIST_KEY_UIRequiredDeviceCapabilities = arkit;
				INFOPLIST_KEY_UIStatusBarHidden = YES;
				INFOPLIST_KEY_UISupportedInterfaceOrientations = UIInterfaceOrientationPortrait;
				INFOPLIST_KEY_UISupportedInterfaceOrientations_iPad = "UIInterfaceOrientationLandscapeLeft UIInterfaceOrientationLandscapeRight UIInterfaceOrientationPortrait UIInterfaceOrientationPortraitUpsideDown";
				IPHONEOS_DEPLOYMENT_TARGET = 26.0;
				LD_RUNPATH_SEARCH_PATHS = (
					"$(inherited)",
					"@executable_path/Frameworks",
				);
				MARKETING_VERSION = 1.0.0;
				PRODUCT_BUNDLE_IDENTIFIER = com.MicheleManniello.PlaceOBJAR;
				PRODUCT_NAME = "$(TARGET_NAME)";
				SWIFT_EMIT_LOC_STRINGS = YES;
				SWIFT_VERSION = 5.0;
				TARGETED_DEVICE_FAMILY = "1,2";
			};
			name = Release;
		};
/* End XCBuildConfiguration section */

/* Begin XCConfigurationList section */
		C4FF382F29213D170074698F /* Build configuration list for PBXProject "PlaceOBJAR" */ = {
			isa = XCConfigurationList;
			buildConfigurations = (
				C4FF384229213D190074698F /* Debug */,
				C4FF384329213D190074698F /* Release */,
			);
			defaultConfigurationIsVisible = 0;
			defaultConfigurationName = Release;
		};
		C4FF384429213D190074698F /* Build configuration list for PBXNativeTarget "PlaceOBJAR" */ = {
			isa = XCConfigurationList;
			buildConfigurations = (
				C4FF384529213D190074698F /* Debug */,
				C4FF384629213D190074698F /* Release */,
			);
			defaultConfigurationIsVisible = 0;
			defaultConfigurationName = Release;
		};
/* End XCConfigurationList section */

/* Begin XCLocalSwiftPackageReference section */
		C4600EEC2F8F9C8300EA7D85 /* XCLocalSwiftPackageReference "../ElechimCore" */ = {
			isa = XCLocalSwiftPackageReference;
			relativePath = ../ElechimCore;
		};
		C4AAF1BD2F65A18F00C24BC4 /* XCLocalSwiftPackageReference "../CachedAsyncImage" */ = {
			isa = XCLocalSwiftPackageReference;
			relativePath = ../CachedAsyncImage;
		};
/* End XCLocalSwiftPackageReference section */

/* Begin XCSwiftPackageProductDependency section */
		C4600EED2F8F9C8300EA7D85 /* ElechimCore */ = {
			isa = XCSwiftPackageProductDependency;
			productName = ElechimCore;
		};
		C4AAF1BE2F65A18F00C24BC4 /* CachedAsyncImage */ = {
			isa = XCSwiftPackageProductDependency;
			productName = CachedAsyncImage;
		};
/* End XCSwiftPackageProductDependency section */
	};
	rootObject = C4FF382C29213D170074698F /* Project object */;
}
