// !$*UTF8*$!
{
	archiveVersion = 1;
	classes = {
	};
	objectVersion = 56;
	objects = {

/* Begin PBXBuildFile section */
		C4FF383829213D170074698F /* AppDelegate.swift in Sources */ = {isa = PBXBuildFile; fileRef = C4FF383729213D170074698F /* AppDelegate.swift */; };
		C4FF383A29213D170074698F /* ContentView.swift in Sources */ = {isa = PBXBuildFile; fileRef = C4FF383929213D170074698F /* ContentView.swift */; };
		C4FF383C29213D170074698F /* Experience.rcproject in Sources */ = {isa = PBXBuildFile; fileRef = C4FF383B29213D170074698F /* Experience.rcproject */; };
		C4FF383E29213D190074698F /* Assets.xcassets in Resources */ = {isa = PBXBuildFile; fileRef = C4FF383D29213D190074698F /* Assets.xcassets */; };
		C4FF384129213D190074698F /* Preview Assets.xcassets in Resources */ = {isa = PBXBuildFile; fileRef = C4FF384029213D190074698F /* Preview Assets.xcassets */; };
		C4FF384A29213D720074698F /* OBJModel.swift in Sources */ = {isa = PBXBuildFile; fileRef = C4FF384929213D720074698F /* OBJModel.swift */; };
		C4FF384D29213DB50074698F /* ViewModel.swift in Sources */ = {isa = PBXBuildFile; fileRef = C4FF384C29213DB50074698F /* ViewModel.swift */; };
		C4FF385A2921403B0074698F /* CustomButton.swift in Sources */ = {isa = PBXBuildFile; fileRef = C4FF38592921403B0074698F /* CustomButton.swift */; };
		C4FF385E2921665A0074698F /* LemonMeringuePie.usdz in Resources */ = {isa = PBXBuildFile; fileRef = C4FF385D2921665A0074698F /* LemonMeringuePie.usdz */; };
		C4FF386329216B210074698F /* AirForce.usdz in Resources */ = {isa = PBXBuildFile; fileRef = C4FF385F29216B200074698F /* AirForce.usdz */; };
		C4FF386429216B210074698F /* flower_tulip.usdz in Resources */ = {isa = PBXBuildFile; fileRef = C4FF386029216B200074698F /* flower_tulip.usdz */; };
		C4FF386529216B210074698F /* cup_saucer_set.usdz in Resources */ = {isa = PBXBuildFile; fileRef = C4FF386129216B210074698F /* cup_saucer_set.usdz */; };
		C4FF386629216B210074698F /* chair_swan.usdz in Resources */ = {isa = PBXBuildFile; fileRef = C4FF386229216B210074698F /* chair_swan.usdz */; };
		C4FF386A29217BCD0074698F /* ARViewContainer.swift in Sources */ = {isa = PBXBuildFile; fileRef = C4FF3868292177790074698F /* ARViewContainer.swift */; };
/* End PBXBuildFile section */

/* Begin PBXFileReference section */
		C4FF383429213D170074698F /* PlaceOBJAR.app */ = {isa = PBXFileReference; explicitFileType = wrapper.application; includeInIndex = 0; path = PlaceOBJAR.app; sourceTree = BUILT_PRODUCTS_DIR; };
		C4FF383729213D170074698F /* AppDelegate.swift */ = {isa = PBXFileReference; lastKnownFileType = sourcecode.swift; path = AppDelegate.swift; sourceTree = "<group>"; };
		C4FF383929213D170074698F /* ContentView.swift */ = {isa = PBXFileReference; lastKnownFileType = sourcecode.swift; path = ContentView.swift; sourceTree = "<group>"; };
		C4FF383B29213D170074698F /* Experience.rcproject */ = {isa = PBXFileReference; lastKnownFileType = file.rcproject; path = Experience.rcproject; sourceTree = "<group>"; };
		C4FF383D29213D190074698F /* Assets.xcassets */ = {isa = PBXFileReference; lastKnownFileType = folder.assetcatalog; path = Assets.xcassets; sourceTree = "<group>"; };
		C4FF384029213D190074698F /* Preview Assets.xcassets */ = {isa = PBXFileReference; lastKnownFileType = folder.assetcatalog; path = "Preview Assets.xcassets"; sourceTree = "<group>"; };
		C4FF384929213D720074698F /* OBJModel.swift */ = {isa = PBXFileReference; lastKnownFileType = sourcecode.swift; path = OBJModel.swift; sourceTree = "<group>"; };
		C4FF384C29213DB50074698F /* ViewModel.swift */ = {isa = PBXFileReference; lastKnownFileType = sourcecode.swift; path = ViewModel.swift; sourceTree = "<group>"; };
		C4FF38592921403B0074698F /* CustomButton.swift */ = {isa = PBXFileReference; lastKnownFileType = sourcecode.swift; path = CustomButton.swift; sourceTree = "<group>"; };
		C4FF385D2921665A0074698F /* LemonMeringuePie.usdz */ = {isa = PBXFileReference; lastKnownFileType = file.usdz; path = LemonMeringuePie.usdz; sourceTree = "<group>"; };
		C4FF385F29216B200074698F /* AirForce.usdz */ = {isa = PBXFileReference; lastKnownFileType = file.usdz; path = AirForce.usdz; sourceTree = "<group>"; };
		C4FF386029216B200074698F /* flower_tulip.usdz */ = {isa = PBXFileReference; lastKnownFileType = file.usdz; path = flower_tulip.usdz; sourceTree = "<group>"; };
		C4FF386129216B210074698F /* cup_saucer_set.usdz */ = {isa = PBXFileReference; lastKnownFileType = file.usdz; path = cup_saucer_set.usdz; sourceTree = "<group>"; };
		C4FF386229216B210074698F /* chair_swan.usdz */ = {isa = PBXFileReference; lastKnownFileType = file.usdz; path = chair_swan.usdz; sourceTree = "<group>"; };
		C4FF3868292177790074698F /* ARViewContainer.swift */ = {isa = PBXFileReference; lastKnownFileType = sourcecode.swift; path = ARViewContainer.swift; sourceTree = "<group>"; };
/* End PBXFileReference section */

/* Begin PBXFrameworksBuildPhase section */
		C4FF383129213D170074698F /* Frameworks */ = {
			isa = PBXFrameworksBuildPhase;
			buildActionMask = 2147483647;
			files = (
			);
			runOnlyForDeploymentPostprocessing = 0;
		};
/* End PBXFrameworksBuildPhase section */

/* Begin PBXGroup section */
		C4FF382B29213D170074698F = {
			isa = PBXGroup;
			children = (
				C4FF383629213D170074698F /* PlaceOBJAR */,
				C4FF383529213D170074698F /* Products */,
			);
			sourceTree = "<group>";
		};
		C4FF383529213D170074698F /* Products */ = {
			isa = PBXGroup;
			children = (
				C4FF383429213D170074698F /* PlaceOBJAR.app */,
			);
			name = Products;
			sourceTree = "<group>";
		};
		C4FF383629213D170074698F /* PlaceOBJAR */ = {
			isa = PBXGroup;
			children = (
				C4FF384E29213DF40074698F /* 3DObjc */,
				C4FF384B29213DA70074698F /* ViewModel */,
				C4FF384829213D470074698F /* Model */,
				C4FF384729213D400074698F /* View */,
				C4FF383729213D170074698F /* AppDelegate.swift */,
				C4FF383929213D170074698F /* ContentView.swift */,
				C4FF383B29213D170074698F /* Experience.rcproject */,
				C4FF383D29213D190074698F /* Assets.xcassets */,
				C4FF383F29213D190074698F /* Preview Content */,
			);
			path = PlaceOBJAR;
			sourceTree = "<group>";
		};
		C4FF383F29213D190074698F /* Preview Content */ = {
			isa = PBXGroup;
			children = (
				C4FF384029213D190074698F /* Preview Assets.xcassets */,
			);
			path = "Preview Content";
			sourceTree = "<group>";
		};
		C4FF384729213D400074698F /* View */ = {
			isa = PBXGroup;
			children = (
				C4FF38592921403B0074698F /* CustomButton.swift */,
				C4FF3868292177790074698F /* ARViewContainer.swift */,
			);
			path = View;
			sourceTree = "<group>";
		};
		C4FF384829213D470074698F /* Model */ = {
			isa = PBXGroup;
			children = (
				C4FF384929213D720074698F /* OBJModel.swift */,
			);
			path = Model;
			sourceTree = "<group>";
		};
		C4FF384B29213DA70074698F /* ViewModel */ = {
			isa = PBXGroup;
			children = (
				C4FF384C29213DB50074698F /* ViewModel.swift */,
			);
			path = ViewModel;
			sourceTree = "<group>";
		};
		C4FF384E29213DF40074698F /* 3DObjc */ = {
			isa = PBXGroup;
			children = (
				C4FF385F29216B200074698F /* AirForce.usdz */,
				C4FF386229216B210074698F /* chair_swan.usdz */,
				C4FF386129216B210074698F /* cup_saucer_set.usdz */,
				C4FF386029216B200074698F /* flower_tulip.usdz */,
				C4FF385D2921665A0074698F /* LemonMeringuePie.usdz */,
			);
			path = 3DObjc;
			sourceTree = "<group>";
		};
/* End PBXGroup section */

/* Begin PBXNativeTarget section */
		C4FF383329213D170074698F /* PlaceOBJAR */ = {
			isa = PBXNativeTarget;
			buildConfigurationList = C4FF384429213D190074698F /* Build configuration list for PBXNativeTarget "PlaceOBJAR" */;
			buildPhases = (
				C4FF383029213D170074698F /* Sources */,
				C4FF383129213D170074698F /* Frameworks */,
				C4FF383229213D170074698F /* Resources */,
			);
			buildRules = (
			);
			dependencies = (
			);
			name = PlaceOBJAR;
			productName = PlaceOBJAR;
			productReference = C4FF383429213D170074698F /* PlaceOBJAR.app */;
			productType = "com.apple.product-type.application";
		};
/* End PBXNativeTarget section */

/* Begin PBXProject section */
		C4FF382C29213D170074698F /* Project object */ = {
			isa = PBXProject;
			attributes = {
				BuildIndependentTargetsInParallel = 1;
				LastSwiftUpdateCheck = 1410;
				LastUpgradeCheck = 1410;
				TargetAttributes = {
					C4FF383329213D170074698F = {
						CreatedOnToolsVersion = 14.1;
					};
				};
			};
			buildConfigurationList = C4FF382F29213D170074698F /* Build configuration list for PBXProject "PlaceOBJAR" */;
			compatibilityVersion = "Xcode 14.0";
			developmentRegion = en;
			hasScannedForEncodings = 0;
			knownRegions = (
				en,
				Base,
			);
			mainGroup = C4FF382B29213D170074698F;
			productRefGroup = C4FF383529213D170074698F /* Products */;
			projectDirPath = "";
			projectRoot = "";
			targets = (
				C4FF383329213D170074698F /* PlaceOBJAR */,
			);
		};
/* End PBXProject section */

/* Begin PBXResourcesBuildPhase section */
		C4FF383229213D170074698F /* Resources */ = {
			isa = PBXResourcesBuildPhase;
			buildActionMask = 2147483647;
			files = (
				C4FF386329216B210074698F /* AirForce.usdz in Resources */,
				C4FF384129213D190074698F /* Preview Assets.xcassets in Resources */,
				C4FF386529216B210074698F /* cup_saucer_set.usdz in Resources */,
				C4FF385E2921665A0074698F /* LemonMeringuePie.usdz in Resources */,
				C4FF386429216B210074698F /* flower_tulip.usdz in Resources */,
				C4FF383E29213D190074698F /* Assets.xcassets in Resources */,
				C4FF386629216B210074698F /* chair_swan.usdz in Resources */,
			);
			runOnlyForDeploymentPostprocessing = 0;
		};
/* End PBXResourcesBuildPhase section */

/* Begin PBXSourcesBuildPhase section */
		C4FF383029213D170074698F /* Sources */ = {
			isa = PBXSourcesBuildPhase;
			buildActionMask = 2147483647;
			files = (
				C4FF384D29213DB50074698F /* ViewModel.swift in Sources */,
				C4FF383A29213D170074698F /* ContentView.swift in Sources */,
				C4FF385A2921403B0074698F /* CustomButton.swift in Sources */,
				C4FF386A29217BCD0074698F /* ARViewContainer.swift in Sources */,
				C4FF384A29213D720074698F /* OBJModel.swift in Sources */,
				C4FF383829213D170074698F /* AppDelegate.swift in Sources */,
				C4FF383C29213D170074698F /* Experience.rcproject in Sources */,
			);
			runOnlyForDeploymentPostprocessing = 0;
		};
/* End PBXSourcesBuildPhase section */

/* Begin XCBuildConfiguration section */
		C4FF384229213D190074698F /* Debug */ = {
			isa = XCBuildConfiguration;
			buildSettings = {
				ALWAYS_SEARCH_USER_PATHS = NO;
				CLANG_ANALYZER_NONNULL = YES;
				CLANG_ANALYZER_NUMBER_OBJECT_CONVERSION = YES_AGGRESSIVE;
				CLANG_CXX_LANGUAGE_STANDARD = "gnu++20";
				CLANG_ENABLE_MODULES = YES;
				CLANG_ENABLE_OBJC_ARC = YES;
				CLANG_ENABLE_OBJC_WEAK = YES;
				CLANG_WARN_BLOCK_CAPTURE_AUTORELEASING = YES;
				CLANG_WARN_BOOL_CONVERSION = YES;
				CLANG_WARN_COMMA = YES;
				CLANG_WARN_CONSTANT_CONVERSION = YES;
				CLANG_WARN_DEPRECATED_OBJC_IMPLEMENTATIONS = YES;
				CLANG_WARN_DIRECT_OBJC_ISA_USAGE = YES_ERROR;
				CLANG_WARN_DOCUMENTATION_COMMENTS = YES;
				CLANG_WARN_EMPTY_BODY = YES;
				CLANG_WARN_ENUM_CONVERSION = YES;
				CLANG_WARN_INFINITE_RECURSION = YES;
				CLANG_WARN_INT_CONVERSION = YES;
				CLANG_WARN_NON_LITERAL_NULL_CONVERSION = YES;
				CLANG_WARN_OBJC_IMPLICIT_RETAIN_SELF = YES;
				CLANG_WARN_OBJC_LITERAL_CONVERSION = YES;
				CLANG_WARN_OBJC_ROOT_CLASS = YES_ERROR;
				CLANG_WARN_QUOTED_INCLUDE_IN_FRAMEWORK_HEADER = YES;
				CLANG_WARN_RANGE_LOOP_ANALYSIS = YES;
				CLANG_WARN_STRICT_PROTOTYPES = YES;
				CLANG_WARN_SUSPICIOUS_MOVE = YES;
				CLANG_WARN_UNGUARDED_AVAILABILITY = YES_AGGRESSIVE;
				CLANG_WARN_UNREACHABLE_CODE = YES;
				CLANG_WARN__DUPLICATE_METHOD_MATCH = YES;
				COPY_PHASE_STRIP = NO;
				DEBUG_INFORMATION_FORMAT = dwarf;
				ENABLE_STRICT_OBJC_MSGSEND = YES;
				ENABLE_TESTABILITY = YES;
				GCC_C_LANGUAGE_STANDARD = gnu11;
				GCC_DYNAMIC_NO_PIC = NO;
				GCC_NO_COMMON_BLOCKS = YES;
				GCC_OPTIMIZATION_LEVEL = 0;
				GCC_PREPROCESSOR_DEFINITIONS = (
					"DEBUG=1",
					"$(inherited)",
				);
				GCC_WARN_64_TO_32_BIT_CONVERSION = YES;
				GCC_WARN_ABOUT_RETURN_TYPE = YES_ERROR;
				GCC_WARN_UNDECLARED_SELECTOR = YES;
				GCC_WARN_UNINITIALIZED_AUTOS = YES_AGGRESSIVE;
				GCC_WARN_UNUSED_FUNCTION = YES;
				GCC_WARN_UNUSED_VARIABLE = YES;
				IPHONEOS_DEPLOYMENT_TARGET = 16.1;
				MTL_ENABLE_DEBUG_INFO = INCLUDE_SOURCE;
				MTL_FAST_MATH = YES;
				ONLY_ACTIVE_ARCH = YES;
				SDKROOT = iphoneos;
				SWIFT_ACTIVE_COMPILATION_CONDITIONS = DEBUG;
				SWIFT_OPTIMIZATION_LEVEL = "-Onone";
			};
			name = Debug;
		};
		C4FF384329213D190074698F /* Release */ = {
			isa = XCBuildConfiguration;
			buildSettings = {
				ALWAYS_SEARCH_USER_PATHS = NO;
				CLANG_ANALYZER_NONNULL = YES;
				CLANG_ANALYZER_NUMBER_OBJECT_CONVERSION = YES_AGGRESSIVE;
				CLANG_CXX_LANGUAGE_STANDARD = "gnu++20";
				CLANG_ENABLE_MODULES = YES;
				CLANG_ENABLE_OBJC_ARC = YES;
				CLANG_ENABLE_OBJC_WEAK = YES;
				CLANG_WARN_BLOCK_CAPTURE_AUTORELEASING = YES;
				CLANG_WARN_BOOL_CONVERSION = YES;
				CLANG_WARN_COMMA = YES;
				CLANG_WARN_CONSTANT_CONVERSION = YES;
				CLANG_WARN_DEPRECATED_OBJC_IMPLEMENTATIONS = YES;
				CLANG_WARN_DIRECT_OBJC_ISA_USAGE = YES_ERROR;
				CLANG_WARN_DOCUMENTATION_COMMENTS = YES;
				CLANG_WARN_EMPTY_BODY = YES;
				CLANG_WARN_ENUM_CONVERSION = YES;
				CLANG_WARN_INFINITE_RECURSION = YES;
				CLANG_WARN_INT_CONVERSION = YES;
				CLANG_WARN_NON_LITERAL_NULL_CONVERSION = YES;
				CLANG_WARN_OBJC_IMPLICIT_RETAIN_SELF = YES;
				CLANG_WARN_OBJC_LITERAL_CONVERSION = YES;
				CLANG_WARN_OBJC_ROOT_CLASS = YES_ERROR;
				CLANG_WARN_QUOTED_INCLUDE_IN_FRAMEWORK_HEADER = YES;
				CLANG_WARN_RANGE_LOOP_ANALYSIS = YES;
				CLANG_WARN_STRICT_PROTOTYPES = YES;
				CLANG_WARN_SUSPICIOUS_MOVE = YES;
				CLANG_WARN_UNGUARDED_AVAILABILITY = YES_AGGRESSIVE;
				CLANG_WARN_UNREACHABLE_CODE = YES;
				CLANG_WARN__DUPLICATE_METHOD_MATCH = YES;
				COPY_PHASE_STRIP = NO;
				DEBUG_INFORMATION_FORMAT = "dwarf-with-dsym";
				ENABLE_NS_ASSERTIONS = NO;
				ENABLE_STRICT_OBJC_MSGSEND = YES;
				GCC_C_LANGUAGE_STANDARD = gnu11;
				GCC_NO_COMMON_BLOCKS = YES;
				GCC_WARN_64_TO_32_BIT_CONVERSION = YES;
				GCC_WARN_ABOUT_RETURN_TYPE = YES_ERROR;
				GCC_WARN_UNDECLARED_SELECTOR = YES;
				GCC_WARN_UNINITIALIZED_AUTOS = YES_AGGRESSIVE;
				GCC_WARN_UNUSED_FUNCTION = YES;
				GCC_WARN_UNUSED_VARIABLE = YES;
				IPHONEOS_DEPLOYMENT_TARGET = 16.1;
				MTL_ENABLE_DEBUG_INFO = NO;
				MTL_FAST_MATH = YES;
				SDKROOT = iphoneos;
				SWIFT_COMPILATION_MODE = wholemodule;
				SWIFT_OPTIMIZATION_LEVEL = "-O";
				VALIDATE_PRODUCT = YES;
			};
			name = Release;
		};
		C4FF384529213D190074698F /* Debug */ = {
			isa = XCBuildConfiguration;
			buildSettings = {
				ASSETCATALOG_COMPILER_APPICON_NAME = AppIcon;
				ASSETCATALOG_COMPILER_GLOBAL_ACCENT_COLOR_NAME = AccentColor;
				CODE_SIGN_STYLE = Automatic;
				CURRENT_PROJECT_VERSION = 1;
				DEVELOPMENT_ASSET_PATHS = "\"PlaceOBJAR/Preview Content\"";
				DEVELOPMENT_TEAM = G7DSPSWXXC;
				ENABLE_PREVIEWS = YES;
				GENERATE_INFOPLIST_FILE = YES;
				INFOPLIST_KEY_NSCameraUsageDescription = "";
				INFOPLIST_KEY_UIApplicationSupportsIndirectInputEvents = YES;
				INFOPLIST_KEY_UILaunchScreen_Generation = YES;
				INFOPLIST_KEY_UIRequiredDeviceCapabilities = arkit;
				INFOPLIST_KEY_UIStatusBarHidden = YES;
				INFOPLIST_KEY_UISupportedInterfaceOrientations_iPad = "UIInterfaceOrientationPortrait UIInterfaceOrientationPortraitUpsideDown UIInterfaceOrientationLandscapeLeft UIInterfaceOrientationLandscapeRight";
				INFOPLIST_KEY_UISupportedInterfaceOrientations_iPhone = "UIInterfaceOrientationPortrait UIInterfaceOrientationLandscapeLeft UIInterfaceOrientationLandscapeRight";
				LD_RUNPATH_SEARCH_PATHS = (
					"$(inherited)",
					"@executable_path/Frameworks",
				);
				MARKETING_VERSION = 1.0;
				PRODUCT_BUNDLE_IDENTIFIER = com.MicheleManniello.PlaceOBJAR;
				PRODUCT_NAME = "$(TARGET_NAME)";
				SWIFT_EMIT_LOC_STRINGS = YES;
				SWIFT_VERSION = 5.0;
				TARGETED_DEVICE_FAMILY = "1,2";
			};
			name = Debug;
		};
		C4FF384629213D190074698F /* Release */ = {
			isa = XCBuildConfiguration;
			buildSettings = {
				ASSETCATALOG_COMPILER_APPICON_NAME = AppIcon;
				ASSETCATALOG_COMPILER_GLOBAL_ACCENT_COLOR_NAME = AccentColor;
				CODE_SIGN_STYLE = Automatic;
				CURRENT_PROJECT_VERSION = 1;
				DEVELOPMENT_ASSET_PATHS = "\"PlaceOBJAR/Preview Content\"";
				DEVELOPMENT_TEAM = G7DSPSWXXC;
				ENABLE_PREVIEWS = YES;
				GENERATE_INFOPLIST_FILE = YES;
				INFOPLIST_KEY_NSCameraUsageDescription = "";
				INFOPLIST_KEY_UIApplicationSupportsIndirectInputEvents = YES;
				INFOPLIST_KEY_UILaunchScreen_Generation = YES;
				INFOPLIST_KEY_UIRequiredDeviceCapabilities = arkit;
				INFOPLIST_KEY_UIStatusBarHidden = YES;
				INFOPLIST_KEY_UISupportedInterfaceOrientations_iPad = "UIInterfaceOrientationPortrait UIInterfaceOrientationPortraitUpsideDown UIInterfaceOrientationLandscapeLeft UIInterfaceOrientationLandscapeRight";
				INFOPLIST_KEY_UISupportedInterfaceOrientations_iPhone = "UIInterfaceOrientationPortrait UIInterfaceOrientationLandscapeLeft UIInterfaceOrientationLandscapeRight";
				LD_RUNPATH_SEARCH_PATHS = (
					"$(inherited)",
					"@executable_path/Frameworks",
				);
				MARKETING_VERSION = 1.0;
				PRODUCT_BUNDLE_IDENTIFIER = com.MicheleManniello.PlaceOBJAR;
				PRODUCT_NAME = "$(TARGET_NAME)";
				SWIFT_EMIT_LOC_STRINGS = YES;
				SWIFT_VERSION = 5.0;
				TARGETED_DEVICE_FAMILY = "1,2";
			};
			name = Release;
		};
/* End XCBuildConfiguration section */

/* Begin XCConfigurationList section */
		C4FF382F29213D170074698F /* Build configuration list for PBXProject "PlaceOBJAR" */ = {
			isa = XCConfigurationList;
			buildConfigurations = (
				C4FF384229213D190074698F /* Debug */,
				C4FF384329213D190074698F /* Release */,
			);
			defaultConfigurationIsVisible = 0;
			defaultConfigurationName = Release;
		};
		C4FF384429213D190074698F /* Build configuration list for PBXNativeTarget "PlaceOBJAR" */ = {
			isa = XCConfigurationList;
			buildConfigurations = (
				C4FF384529213D190074698F /* Debug */,
				C4FF384629213D190074698F /* Release */,
			);
			defaultConfigurationIsVisible = 0;
			defaultConfigurationName = Release;
		};
/* End XCConfigurationList section */
	};
	rootObject = C4FF382C29213D170074698F /* Project object */;
}
